
Microsoft Visual Studio Solution File, Format Version 12.00
# Visual Studio Version 17
VisualStudioVersion = 17.14.36511.14 d17.14
MinimumVisualStudioVersion = 10.0.40219.1
Project("{FAE04EC0-301F-11D3-BF4B-00C04F79EFBC}") = "IXC_Facil", "IXC_Facil.csproj", "{A67A423F-953E-4A49-99F1-6F1844403079}"
EndProject
Global
	GlobalSection(SolutionConfigurationPlatforms) = preSolution
		Debug|Any CPU = Debug|Any CPU
		Release|Any CPU = Release|Any CPU
	EndGlobalSection
	GlobalSection(ProjectConfigurationPlatforms) = postSolution
		{A67A423F-953E-4A49-99F1-6F1844403079}.Debug|Any CPU.ActiveCfg = Debug|Any CPU
		{A67A423F-953E-4A49-99F1-6F1844403079}.Debug|Any CPU.Build.0 = Debug|Any CPU
		{A67A423F-953E-4A49-99F1-6F1844403079}.Release|Any CPU.ActiveCfg = Release|Any CPU
		{A67A423F-953E-4A49-99F1-6F1844403079}.Release|Any CPU.Build.0 = Release|Any CPU
	EndGlobalSection
	GlobalSection(SolutionProperties) = preSolution
		HideSolutionNode = FALSE
	EndGlobalSection
	GlobalSection(ExtensibilityGlobals) = postSolution
		SolutionGuid = {1D6A5198-0ACD-47AF-B0AB-6C56551ABC2F}
	EndGlobalSection
EndGlobal
